
Microsoft Visual Studio Solution File, Format Version 12.00
# Visual Studio Version 16
VisualStudioVersion = 16.0.30804.86
MinimumVisualStudioVersion = 10.0.40219.1
Project("{FAE04EC0-301F-11D3-BF4B-00C04F79EFBC}") = "BT", "BT\BT.csproj", "{066BA409-F919-4CDF-A861-34C14591C613}"
EndProject
Project("{FAE04EC0-301F-11D3-BF4B-00C04F79EFBC}") = "WA", "WA\WA.csproj", "{970540EC-5A41-4C53-91D7-D68273891519}"
EndProject
Global
	GlobalSection(SolutionConfigurationPlatforms) = preSolution
		Debug|Any CPU = Debug|Any CPU
		Release|Any CPU = Release|Any CPU
	EndGlobalSection
	GlobalSection(ProjectConfigurationPlatforms) = postSolution
		{066BA409-F919-4CDF-A861-34C14591C613}.Debug|Any CPU.ActiveCfg = Debug|Any CPU
		{066BA409-F919-4CDF-A861-34C14591C613}.Debug|Any CPU.Build.0 = Debug|Any CPU
		{066BA409-F919-4CDF-A861-34C14591C613}.Release|Any CPU.ActiveCfg = Release|Any CPU
		{066BA409-F919-4CDF-A861-34C14591C613}.Release|Any CPU.Build.0 = Release|Any CPU
		{970540EC-5A41-4C53-91D7-D68273891519}.Debug|Any CPU.ActiveCfg = Debug|Any CPU
		{970540EC-5A41-4C53-91D7-D68273891519}.Debug|Any CPU.Build.0 = Debug|Any CPU
		{970540EC-5A41-4C53-91D7-D68273891519}.Release|Any CPU.ActiveCfg = Release|Any CPU
		{970540EC-5A41-4C53-91D7-D68273891519}.Release|Any CPU.Build.0 = Release|Any CPU
	EndGlobalSection
	GlobalSection(SolutionProperties) = preSolution
		HideSolutionNode = FALSE
	EndGlobalSection
	GlobalSection(ExtensibilityGlobals) = postSolution
		SolutionGuid = {8FF38E9A-5AE8-4406-BB21-7374B353129D}
	EndGlobalSection
EndGlobal
